// !$*UTF8*$!
{
	archiveVersion = 1;
	classes = {
	};
	objectVersion = 77;
	objects = {

/* Begin PBXBuildFile section */
		5FF621292EEC622800F65106 /* GoogleMaps in Frameworks */ = {isa = PBXBuildFile; productRef = 5FF621282EEC622800F65106 /* GoogleMaps */; };
/* End PBXBuildFile section */

/* Begin PBXContainerItemProxy section */
		5FD799142EEC5937001ED6C3 /* PBXContainerItemProxy */ = {
			isa = PBXContainerItemProxy;
			containerPortal = 5FD798FE2EEC5936001ED6C3 /* Project object */;
			proxyType = 1;
			remoteGlobalIDString = 5FD799052EEC5936001ED6C3;
			remoteInfo = iOS_Task_Picsum;
		};
		5FD7991E2EEC5937001ED6C3 /* PBXContainerItemProxy */ = {
			isa = PBXContainerItemProxy;
			containerPortal = 5FD798FE2EEC5936001ED6C3 /* Project object */;
			proxyType = 1;
			remoteGlobalIDString = 5FD799052EEC5936001ED6C3;
			remoteInfo = iOS_Task_Picsum;
		};
/* End PBXContainerItemProxy section */

/* Begin PBXFileReference section */
		5FD799062EEC5936001ED6C3 /* iOS_Task_Picsum.app */ = {isa = PBXFileReference; explicitFileType = wrapper.application; includeInIndex = 0; path = iOS_Task_Picsum.app; sourceTree = BUILT_PRODUCTS_DIR; };
		5FD799132EEC5937001ED6C3 /* iOS_Task_PicsumTests.xctest */ = {isa = PBXFileReference; explicitFileType = wrapper.cfbundle; includeInIndex = 0; path = iOS_Task_PicsumTests.xctest; sourceTree = BUILT_PRODUCTS_DIR; };
		5FD7991D2EEC5937001ED6C3 /* iOS_Task_PicsumUITests.xctest */ = {isa = PBXFileReference; explicitFileType = wrapper.cfbundle; includeInIndex = 0; path = iOS_Task_PicsumUITests.xctest; sourceTree = BUILT_PRODUCTS_DIR; };
/* End PBXFileReference section */

/* Begin PBXFileSystemSynchronizedRootGroup section */
		5FD799082EEC5936001ED6C3 /* iOS_Task_Picsum */ = {
			isa = PBXFileSystemSynchronizedRootGroup;
			path = iOS_Task_Picsum;
			sourceTree = "<group>";
		};
		5FD799162EEC5937001ED6C3 /* iOS_Task_PicsumTests */ = {
			isa = PBXFileSystemSynchronizedRootGroup;
			path = iOS_Task_PicsumTests;
			sourceTree = "<group>";
		};
		5FD799202EEC5937001ED6C3 /* iOS_Task_PicsumUITests */ = {
			isa = PBXFileSystemSynchronizedRootGroup;
			path = iOS_Task_PicsumUITests;
			sourceTree = "<group>";
		};
/* End PBXFileSystemSynchronizedRootGroup section */

/* Begin PBXFrameworksBuildPhase section */
		5FD799032EEC5936001ED6C3 /* Frameworks */ = {
			isa = PBXFrameworksBuildPhase;
			buildActionMask = 2147483647;
			files = (
				5FF621292EEC622800F65106 /* GoogleMaps in Frameworks */,
			);
			runOnlyForDeploymentPostprocessing = 0;
		};
		5FD799102EEC5937001ED6C3 /* Frameworks */ = {
			isa = PBXFrameworksBuildPhase;
			buildActionMask = 2147483647;
			files = (
			);
			runOnlyForDeploymentPostprocessing = 0;
		};
		5FD7991A2EEC5937001ED6C3 /* Frameworks */ = {
			isa = PBXFrameworksBuildPhase;
			buildActionMask = 2147483647;
			files = (
			);
			runOnlyForDeploymentPostprocessing = 0;
		};
/* End PBXFrameworksBuildPhase section */

/* Begin PBXGroup section */
		5FD798FD2EEC5936001ED6C3 = {
			isa = PBXGroup;
			children = (
				5FD799082EEC5936001ED6C3 /* iOS_Task_Picsum */,
				5FD799162EEC5937001ED6C3 /* iOS_Task_PicsumTests */,
				5FD799202EEC5937001ED6C3 /* iOS_Task_PicsumUITests */,
				5FF621272EEC622800F65106 /* Frameworks */,
				5FD799072EEC5936001ED6C3 /* Products */,
			);
			sourceTree = "<group>";
		};
		5FD799072EEC5936001ED6C3 /* Products */ = {
			isa = PBXGroup;
			children = (
				5FD799062EEC5936001ED6C3 /* iOS_Task_Picsum.app */,
				5FD799132EEC5937001ED6C3 /* iOS_Task_PicsumTests.xctest */,
				5FD7991D2EEC5937001ED6C3 /* iOS_Task_PicsumUITests.xctest */,
			);
			name = Products;
			sourceTree = "<group>";
		};
		5FF621272EEC622800F65106 /* Frameworks */ = {
			isa = PBXGroup;
			children = (
			);
			name = Frameworks;
			sourceTree = "<group>";
		};
/* End PBXGroup section */

/* Begin PBXNativeTarget section */
		5FD799052EEC5936001ED6C3 /* iOS_Task_Picsum */ = {
			isa = PBXNativeTarget;
			buildConfigurationList = 5FD799272EEC5937001ED6C3 /* Build configuration list for PBXNativeTarget "iOS_Task_Picsum" */;
			buildPhases = (
				5FD799022EEC5936001ED6C3 /* Sources */,
				5FD799032EEC5936001ED6C3 /* Frameworks */,
				5FD799042EEC5936001ED6C3 /* Resources */,
			);
			buildRules = (
			);
			dependencies = (
			);
			fileSystemSynchronizedGroups = (
				5FD799082EEC5936001ED6C3 /* iOS_Task_Picsum */,
			);
			name = iOS_Task_Picsum;
			packageProductDependencies = (
				5FF621282EEC622800F65106 /* GoogleMaps */,
			);
			productName = iOS_Task_Picsum;
			productReference = 5FD799062EEC5936001ED6C3 /* iOS_Task_Picsum.app */;
			productType = "com.apple.product-type.application";
		};
		5FD799122EEC5937001ED6C3 /* iOS_Task_PicsumTests */ = {
			isa = PBXNativeTarget;
			buildConfigurationList = 5FD7992A2EEC5937001ED6C3 /* Build configuration list for PBXNativeTarget "iOS_Task_PicsumTests" */;
			buildPhases = (
				5FD7990F2EEC5937001ED6C3 /* Sources */,
				5FD799102EEC5937001ED6C3 /* Frameworks */,
				5FD799112EEC5937001ED6C3 /* Resources */,
			);
			buildRules = (
			);
			dependencies = (
				5FD799152EEC5937001ED6C3 /* PBXTargetDependency */,
			);
			fileSystemSynchronizedGroups = (
				5FD799162EEC5937001ED6C3 /* iOS_Task_PicsumTests */,
			);
			name = iOS_Task_PicsumTests;
			packageProductDependencies = (
			);
			productName = iOS_Task_PicsumTests;
			productReference = 5FD799132EEC5937001ED6C3 /* iOS_Task_PicsumTests.xctest */;
			productType = "com.apple.product-type.bundle.unit-test";
		};
		5FD7991C2EEC5937001ED6C3 /* iOS_Task_PicsumUITests */ = {
			isa = PBXNativeTarget;
			buildConfigurationList = 5FD7992D2EEC5937001ED6C3 /* Build configuration list for PBXNativeTarget "iOS_Task_PicsumUITests" */;
			buildPhases = (
				5FD799192EEC5937001ED6C3 /* Sources */,
				5FD7991A2EEC5937001ED6C3 /* Frameworks */,
				5FD7991B2EEC5937001ED6C3 /* Resources */,
			);
			buildRules = (
			);
			dependencies = (
				5FD7991F2EEC5937001ED6C3 /* PBXTargetDependency */,
			);
			fileSystemSynchronizedGroups = (
				5FD799202EEC5937001ED6C3 /* iOS_Task_PicsumUITests */,
			);
			name = iOS_Task_PicsumUITests;
			packageProductDependencies = (
			);
			productName = iOS_Task_PicsumUITests;
			productReference = 5FD7991D2EEC5937001ED6C3 /* iOS_Task_PicsumUITests.xctest */;
			productType = "com.apple.product-type.bundle.ui-testing";
		};
/* End PBXNativeTarget section */

/* Begin PBXProject section */
		5FD798FE2EEC5936001ED6C3 /* Project object */ = {
			isa = PBXProject;
			attributes = {
				BuildIndependentTargetsInParallel = 1;
				LastSwiftUpdateCheck = 1640;
				LastUpgradeCheck = 1640;
				TargetAttributes = {
					5FD799052EEC5936001ED6C3 = {
						CreatedOnToolsVersion = 16.4;
					};
					5FD799122EEC5937001ED6C3 = {
						CreatedOnToolsVersion = 16.4;
						TestTargetID = 5FD799052EEC5936001ED6C3;
					};
					5FD7991C2EEC5937001ED6C3 = {
						CreatedOnToolsVersion = 16.4;
						TestTargetID = 5FD799052EEC5936001ED6C3;
					};
				};
			};
			buildConfigurationList = 5FD799012EEC5936001ED6C3 /* Build configuration list for PBXProject "iOS_Task_Picsum" */;
			developmentRegion = en;
			hasScannedForEncodings = 0;
			knownRegions = (
				en,
				Base,
			);
			mainGroup = 5FD798FD2EEC5936001ED6C3;
			minimizedProjectReferenceProxies = 1;
			packageReferences = (
				5FF621262EEC60FE00F65106 /* XCRemoteSwiftPackageReference "ios-maps-sdk" */,
			);
			preferredProjectObjectVersion = 77;
			productRefGroup = 5FD799072EEC5936001ED6C3 /* Products */;
			projectDirPath = "";
			projectRoot = "";
			targets = (
				5FD799052EEC5936001ED6C3 /* iOS_Task_Picsum */,
				5FD799122EEC5937001ED6C3 /* iOS_Task_PicsumTests */,
				5FD7991C2EEC5937001ED6C3 /* iOS_Task_PicsumUITests */,
			);
		};
/* End PBXProject section */

/* Begin PBXResourcesBuildPhase section */
		5FD799042EEC5936001ED6C3 /* Resources */ = {
			isa = PBXResourcesBuildPhase;
			buildActionMask = 2147483647;
			files = (
			);
			runOnlyForDeploymentPostprocessing = 0;
		};
		5FD799112EEC5937001ED6C3 /* Resources */ = {
			isa = PBXResourcesBuildPhase;
			buildActionMask = 2147483647;
			files = (
			);
			runOnlyForDeploymentPostprocessing = 0;
		};
		5FD7991B2EEC5937001ED6C3 /* Resources */ = {
			isa = PBXResourcesBuildPhase;
			buildActionMask = 2147483647;
			files = (
			);
			runOnlyForDeploymentPostprocessing = 0;
		};
/* End PBXResourcesBuildPhase section */

/* Begin PBXSourcesBuildPhase section */
		5FD799022EEC5936001ED6C3 /* Sources */ = {
			isa = PBXSourcesBuildPhase;
			buildActionMask = 2147483647;
			files = (
			);
			runOnlyForDeploymentPostprocessing = 0;
		};
		5FD7990F2EEC5937001ED6C3 /* Sources */ = {
			isa = PBXSourcesBuildPhase;
			buildActionMask = 2147483647;
			files = (
			);
			runOnlyForDeploymentPostprocessing = 0;
		};
		5FD799192EEC5937001ED6C3 /* Sources */ = {
			isa = PBXSourcesBuildPhase;
			buildActionMask = 2147483647;
			files = (
			);
			runOnlyForDeploymentPostprocessing = 0;
		};
/* End PBXSourcesBuildPhase section */

/* Begin PBXTargetDependency section */
		5FD799152EEC5937001ED6C3 /* PBXTargetDependency */ = {
			isa = PBXTargetDependency;
			target = 5FD799052EEC5936001ED6C3 /* iOS_Task_Picsum */;
			targetProxy = 5FD799142EEC5937001ED6C3 /* PBXContainerItemProxy */;
		};
		5FD7991F2EEC5937001ED6C3 /* PBXTargetDependency */ = {
			isa = PBXTargetDependency;
			target = 5FD799052EEC5936001ED6C3 /* iOS_Task_Picsum */;
			targetProxy = 5FD7991E2EEC5937001ED6C3 /* PBXContainerItemProxy */;
		};
/* End PBXTargetDependency section */

/* Begin XCBuildConfiguration section */
		5FD799252EEC5937001ED6C3 /* Debug */ = {
			isa = XCBuildConfiguration;
			buildSettings = {
				ALWAYS_SEARCH_USER_PATHS = NO;
				ASSETCATALOG_COMPILER_GENERATE_SWIFT_ASSET_SYMBOL_EXTENSIONS = YES;
				CLANG_ANALYZER_NONNULL = YES;
				CLANG_ANALYZER_NUMBER_OBJECT_CONVERSION = YES_AGGRESSIVE;
				CLANG_CXX_LANGUAGE_STANDARD = "gnu++20";
				CLANG_ENABLE_MODULES = YES;
				CLANG_ENABLE_OBJC_ARC = YES;
				CLANG_ENABLE_OBJC_WEAK = YES;
				CLANG_WARN_BLOCK_CAPTURE_AUTORELEASING = YES;
				CLANG_WARN_BOOL_CONVERSION = YES;
				CLANG_WARN_COMMA = YES;
				CLANG_WARN_CONSTANT_CONVERSION = YES;
				CLANG_WARN_DEPRECATED_OBJC_IMPLEMENTATIONS = YES;
				CLANG_WARN_DIRECT_OBJC_ISA_USAGE = YES_ERROR;
				CLANG_WARN_DOCUMENTATION_COMMENTS = YES;
				CLANG_WARN_EMPTY_BODY = YES;
				CLANG_WARN_ENUM_CONVERSION = YES;
				CLANG_WARN_INFINITE_RECURSION = YES;
				CLANG_WARN_INT_CONVERSION = YES;
				CLANG_WARN_NON_LITERAL_NULL_CONVERSION = YES;
				CLANG_WARN_OBJC_IMPLICIT_RETAIN_SELF = YES;
				CLANG_WARN_OBJC_LITERAL_CONVERSION = YES;
				CLANG_WARN_OBJC_ROOT_CLASS = YES_ERROR;
				CLANG_WARN_QUOTED_INCLUDE_IN_FRAMEWORK_HEADER = YES;
				CLANG_WARN_RANGE_LOOP_ANALYSIS = YES;
				CLANG_WARN_STRICT_PROTOTYPES = YES;
				CLANG_WARN_SUSPICIOUS_MOVE = YES;
				CLANG_WARN_UNGUARDED_AVAILABILITY = YES_AGGRESSIVE;
				CLANG_WARN_UNREACHABLE_CODE = YES;
				CLANG_WARN__DUPLICATE_METHOD_MATCH = YES;
				COPY_PHASE_STRIP = NO;
				DEBUG_INFORMATION_FORMAT = dwarf;
				DEVELOPMENT_TEAM = B3TVKTMC53;
				ENABLE_STRICT_OBJC_MSGSEND = YES;
				ENABLE_TESTABILITY = YES;
				ENABLE_USER_SCRIPT_SANDBOXING = YES;
				GCC_C_LANGUAGE_STANDARD = gnu17;
				GCC_DYNAMIC_NO_PIC = NO;
				GCC_NO_COMMON_BLOCKS = YES;
				GCC_OPTIMIZATION_LEVEL = 0;
				GCC_PREPROCESSOR_DEFINITIONS = (
					"DEBUG=1",
					"$(inherited)",
				);
				GCC_WARN_64_TO_32_BIT_CONVERSION = YES;
				GCC_WARN_ABOUT_RETURN_TYPE = YES_ERROR;
				GCC_WARN_UNDECLARED_SELECTOR = YES;
				GCC_WARN_UNINITIALIZED_AUTOS = YES_AGGRESSIVE;
				GCC_WARN_UNUSED_FUNCTION = YES;
				GCC_WARN_UNUSED_VARIABLE = YES;
				IPHONEOS_DEPLOYMENT_TARGET = 18.5;
				LOCALIZATION_PREFERS_STRING_CATALOGS = YES;
				MTL_ENABLE_DEBUG_INFO = INCLUDE_SOURCE;
				MTL_FAST_MATH = YES;
				ONLY_ACTIVE_ARCH = YES;
				SDKROOT = iphoneos;
				SWIFT_ACTIVE_COMPILATION_CONDITIONS = "DEBUG $(inherited)";
				SWIFT_OPTIMIZATION_LEVEL = "-Onone";
			};
			name = Debug;
		};
		5FD799262EEC5937001ED6C3 /* Release */ = {
			isa = XCBuildConfiguration;
			buildSettings = {
				ALWAYS_SEARCH_USER_PATHS = NO;
				ASSETCATALOG_COMPILER_GENERATE_SWIFT_ASSET_SYMBOL_EXTENSIONS = YES;
				CLANG_ANALYZER_NONNULL = YES;
				CLANG_ANALYZER_NUMBER_OBJECT_CONVERSION = YES_AGGRESSIVE;
				CLANG_CXX_LANGUAGE_STANDARD = "gnu++20";
				CLANG_ENABLE_MODULES = YES;
				CLANG_ENABLE_OBJC_ARC = YES;
				CLANG_ENABLE_OBJC_WEAK = YES;
				CLANG_WARN_BLOCK_CAPTURE_AUTORELEASING = YES;
				CLANG_WARN_BOOL_CONVERSION = YES;
				CLANG_WARN_COMMA = YES;
				CLANG_WARN_CONSTANT_CONVERSION = YES;
				CLANG_WARN_DEPRECATED_OBJC_IMPLEMENTATIONS = YES;
				CLANG_WARN_DIRECT_OBJC_ISA_USAGE = YES_ERROR;
				CLANG_WARN_DOCUMENTATION_COMMENTS = YES;
				CLANG_WARN_EMPTY_BODY = YES;
				CLANG_WARN_ENUM_CONVERSION = YES;
				CLANG_WARN_INFINITE_RECURSION = YES;
				CLANG_WARN_INT_CONVERSION = YES;
				CLANG_WARN_NON_LITERAL_NULL_CONVERSION = YES;
				CLANG_WARN_OBJC_IMPLICIT_RETAIN_SELF = YES;
				CLANG_WARN_OBJC_LITERAL_CONVERSION = YES;
				CLANG_WARN_OBJC_ROOT_CLASS = YES_ERROR;
				CLANG_WARN_QUOTED_INCLUDE_IN_FRAMEWORK_HEADER = YES;
				CLANG_WARN_RANGE_LOOP_ANALYSIS = YES;
				CLANG_WARN_STRICT_PROTOTYPES = YES;
				CLANG_WARN_SUSPICIOUS_MOVE = YES;
				CLANG_WARN_UNGUARDED_AVAILABILITY = YES_AGGRESSIVE;
				CLANG_WARN_UNREACHABLE_CODE = YES;
				CLANG_WARN__DUPLICATE_METHOD_MATCH = YES;
				COPY_PHASE_STRIP = NO;
				DEBUG_INFORMATION_FORMAT = "dwarf-with-dsym";
				DEVELOPMENT_TEAM = B3TVKTMC53;
				ENABLE_NS_ASSERTIONS = NO;
				ENABLE_STRICT_OBJC_MSGSEND = YES;
				ENABLE_USER_SCRIPT_SANDBOXING = YES;
				GCC_C_LANGUAGE_STANDARD = gnu17;
				GCC_NO_COMMON_BLOCKS = YES;
				GCC_WARN_64_TO_32_BIT_CONVERSION = YES;
				GCC_WARN_ABOUT_RETURN_TYPE = YES_ERROR;
				GCC_WARN_UNDECLARED_SELECTOR = YES;
				GCC_WARN_UNINITIALIZED_AUTOS = YES_AGGRESSIVE;
				GCC_WARN_UNUSED_FUNCTION = YES;
				GCC_WARN_UNUSED_VARIABLE = YES;
				IPHONEOS_DEPLOYMENT_TARGET = 18.5;
				LOCALIZATION_PREFERS_STRING_CATALOGS = YES;
				MTL_ENABLE_DEBUG_INFO = NO;
				MTL_FAST_MATH = YES;
				SDKROOT = iphoneos;
				SWIFT_COMPILATION_MODE = wholemodule;
				VALIDATE_PRODUCT = YES;
			};
			name = Release;
		};
		5FD799282EEC5937001ED6C3 /* Debug */ = {
			isa = XCBuildConfiguration;
			buildSettings = {
				ASSETCATALOG_COMPILER_APPICON_NAME = AppIcon;
				ASSETCATALOG_COMPILER_GLOBAL_ACCENT_COLOR_NAME = AccentColor;
				CODE_SIGN_STYLE = Automatic;
				CURRENT_PROJECT_VERSION = 1;
				DEVELOPMENT_TEAM = 22V7U65C79;
				ENABLE_PREVIEWS = YES;
				GENERATE_INFOPLIST_FILE = YES;
				INFOPLIST_KEY_UIApplicationSceneManifest_Generation = YES;
				INFOPLIST_KEY_UIApplicationSupportsIndirectInputEvents = YES;
				INFOPLIST_KEY_UILaunchScreen_Generation = YES;
				INFOPLIST_KEY_UISupportedInterfaceOrientations_iPad = "UIInterfaceOrientationPortrait UIInterfaceOrientationPortraitUpsideDown UIInterfaceOrientationLandscapeLeft UIInterfaceOrientationLandscapeRight";
				INFOPLIST_KEY_UISupportedInterfaceOrientations_iPhone = "UIInterfaceOrientationPortrait UIInterfaceOrientationLandscapeLeft UIInterfaceOrientationLandscapeRight";
				LD_RUNPATH_SEARCH_PATHS = (
					"$(inherited)",
					"@executable_path/Frameworks",
				);
				MARKETING_VERSION = 1.0;
				PRODUCT_BUNDLE_IDENTIFIER = "com.myfirstAPP.iOS-Task-Picsum";
				PRODUCT_NAME = "$(TARGET_NAME)";
				SWIFT_EMIT_LOC_STRINGS = YES;
				SWIFT_VERSION = 5.0;
				TARGETED_DEVICE_FAMILY = "1,2";
			};
			name = Debug;
		};
		5FD799292EEC5937001ED6C3 /* Release */ = {
			isa = XCBuildConfiguration;
			buildSettings = {
				ASSETCATALOG_COMPILER_APPICON_NAME = AppIcon;
				ASSETCATALOG_COMPILER_GLOBAL_ACCENT_COLOR_NAME = AccentColor;
				CODE_SIGN_STYLE = Automatic;
				CURRENT_PROJECT_VERSION = 1;
				DEVELOPMENT_TEAM = 22V7U65C79;
				ENABLE_PREVIEWS = YES;
				GENERATE_INFOPLIST_FILE = YES;
				INFOPLIST_KEY_UIApplicationSceneManifest_Generation = YES;
				INFOPLIST_KEY_UIApplicationSupportsIndirectInputEvents = YES;
				INFOPLIST_KEY_UILaunchScreen_Generation = YES;
				INFOPLIST_KEY_UISupportedInterfaceOrientations_iPad = "UIInterfaceOrientationPortrait UIInterfaceOrientationPortraitUpsideDown UIInterfaceOrientationLandscapeLeft UIInterfaceOrientationLandscapeRight";
				INFOPLIST_KEY_UISupportedInterfaceOrientations_iPhone = "UIInterfaceOrientationPortrait UIInterfaceOrientationLandscapeLeft UIInterfaceOrientationLandscapeRight";
				LD_RUNPATH_SEARCH_PATHS = (
					"$(inherited)",
					"@executable_path/Frameworks",
				);
				MARKETING_VERSION = 1.0;
				PRODUCT_BUNDLE_IDENTIFIER = "com.myfirstAPP.iOS-Task-Picsum";
				PRODUCT_NAME = "$(TARGET_NAME)";
				SWIFT_EMIT_LOC_STRINGS = YES;
				SWIFT_VERSION = 5.0;
				TARGETED_DEVICE_FAMILY = "1,2";
			};
			name = Release;
		};
		5FD7992B2EEC5937001ED6C3 /* Debug */ = {
			isa = XCBuildConfiguration;
			buildSettings = {
				BUNDLE_LOADER = "$(TEST_HOST)";
				CODE_SIGN_STYLE = Automatic;
				CURRENT_PROJECT_VERSION = 1;
				DEVELOPMENT_TEAM = B3TVKTMC53;
				GENERATE_INFOPLIST_FILE = YES;
				IPHONEOS_DEPLOYMENT_TARGET = 18.5;
				MARKETING_VERSION = 1.0;
				PRODUCT_BUNDLE_IDENTIFIER = "com.myfirstAPP.iOS-Task-PicsumTests";
				PRODUCT_NAME = "$(TARGET_NAME)";
				SWIFT_EMIT_LOC_STRINGS = NO;
				SWIFT_VERSION = 5.0;
				TARGETED_DEVICE_FAMILY = "1,2";
				TEST_HOST = "$(BUILT_PRODUCTS_DIR)/iOS_Task_Picsum.app/$(BUNDLE_EXECUTABLE_FOLDER_PATH)/iOS_Task_Picsum";
			};
			name = Debug;
		};
		5FD7992C2EEC5937001ED6C3 /* Release */ = {
			isa = XCBuildConfiguration;
			buildSettings = {
				BUNDLE_LOADER = "$(TEST_HOST)";
				CODE_SIGN_STYLE = Automatic;
				CURRENT_PROJECT_VERSION = 1;
				DEVELOPMENT_TEAM = B3TVKTMC53;
				GENERATE_INFOPLIST_FILE = YES;
				IPHONEOS_DEPLOYMENT_TARGET = 18.5;
				MARKETING_VERSION = 1.0;
				PRODUCT_BUNDLE_IDENTIFIER = "com.myfirstAPP.iOS-Task-PicsumTests";
				PRODUCT_NAME = "$(TARGET_NAME)";
				SWIFT_EMIT_LOC_STRINGS = NO;
				SWIFT_VERSION = 5.0;
				TARGETED_DEVICE_FAMILY = "1,2";
				TEST_HOST = "$(BUILT_PRODUCTS_DIR)/iOS_Task_Picsum.app/$(BUNDLE_EXECUTABLE_FOLDER_PATH)/iOS_Task_Picsum";
			};
			name = Release;
		};
		5FD7992E2EEC5937001ED6C3 /* Debug */ = {
			isa = XCBuildConfiguration;
			buildSettings = {
				CODE_SIGN_STYLE = Automatic;
				CURRENT_PROJECT_VERSION = 1;
				DEVELOPMENT_TEAM = B3TVKTMC53;
				GENERATE_INFOPLIST_FILE = YES;
				MARKETING_VERSION = 1.0;
				PRODUCT_BUNDLE_IDENTIFIER = "com.myfirstAPP.iOS-Task-PicsumUITests";
				PRODUCT_NAME = "$(TARGET_NAME)";
				SWIFT_EMIT_LOC_STRINGS = NO;
				SWIFT_VERSION = 5.0;
				TARGETED_DEVICE_FAMILY = "1,2";
				TEST_TARGET_NAME = iOS_Task_Picsum;
			};
			name = Debug;
		};
		5FD7992F2EEC5937001ED6C3 /* Release */ = {
			isa = XCBuildConfiguration;
			buildSettings = {
				CODE_SIGN_STYLE = Automatic;
				CURRENT_PROJECT_VERSION = 1;
				DEVELOPMENT_TEAM = B3TVKTMC53;
				GENERATE_INFOPLIST_FILE = YES;
				MARKETING_VERSION = 1.0;
				PRODUCT_BUNDLE_IDENTIFIER = "com.myfirstAPP.iOS-Task-PicsumUITests";
				PRODUCT_NAME = "$(TARGET_NAME)";
				SWIFT_EMIT_LOC_STRINGS = NO;
				SWIFT_VERSION = 5.0;
				TARGETED_DEVICE_FAMILY = "1,2";
				TEST_TARGET_NAME = iOS_Task_Picsum;
			};
			name = Release;
		};
/* End XCBuildConfiguration section */

/* Begin XCConfigurationList section */
		5FD799012EEC5936001ED6C3 /* Build configuration list for PBXProject "iOS_Task_Picsum" */ = {
			isa = XCConfigurationList;
			buildConfigurations = (
				5FD799252EEC5937001ED6C3 /* Debug */,
				5FD799262EEC5937001ED6C3 /* Release */,
			);
			defaultConfigurationIsVisible = 0;
			defaultConfigurationName = Release;
		};
		5FD799272EEC5937001ED6C3 /* Build configuration list for PBXNativeTarget "iOS_Task_Picsum" */ = {
			isa = XCConfigurationList;
			buildConfigurations = (
				5FD799282EEC5937001ED6C3 /* Debug */,
				5FD799292EEC5937001ED6C3 /* Release */,
			);
			defaultConfigurationIsVisible = 0;
			defaultConfigurationName = Release;
		};
		5FD7992A2EEC5937001ED6C3 /* Build configuration list for PBXNativeTarget "iOS_Task_PicsumTests" */ = {
			isa = XCConfigurationList;
			buildConfigurations = (
				5FD7992B2EEC5937001ED6C3 /* Debug */,
				5FD7992C2EEC5937001ED6C3 /* Release */,
			);
			defaultConfigurationIsVisible = 0;
			defaultConfigurationName = Release;
		};
		5FD7992D2EEC5937001ED6C3 /* Build configuration list for PBXNativeTarget "iOS_Task_PicsumUITests" */ = {
			isa = XCConfigurationList;
			buildConfigurations = (
				5FD7992E2EEC5937001ED6C3 /* Debug */,
				5FD7992F2EEC5937001ED6C3 /* Release */,
			);
			defaultConfigurationIsVisible = 0;
			defaultConfigurationName = Release;
		};
/* End XCConfigurationList section */

/* Begin XCRemoteSwiftPackageReference section */
		5FF621262EEC60FE00F65106 /* XCRemoteSwiftPackageReference "ios-maps-sdk" */ = {
			isa = XCRemoteSwiftPackageReference;
			repositoryURL = "https://github.com/googlemaps/ios-maps-sdk";
			requirement = {
				kind = upToNextMajorVersion;
				minimumVersion = 10.6.0;
			};
		};
/* End XCRemoteSwiftPackageReference section */

/* Begin XCSwiftPackageProductDependency section */
		5FF621282EEC622800F65106 /* GoogleMaps */ = {
			isa = XCSwiftPackageProductDependency;
			package = 5FF621262EEC60FE00F65106 /* XCRemoteSwiftPackageReference "ios-maps-sdk" */;
			productName = GoogleMaps;
		};
/* End XCSwiftPackageProductDependency section */
	};
	rootObject = 5FD798FE2EEC5936001ED6C3 /* Project object */;
}
